{
  "name": "spotify",
  "version": "0.1.0",
  "lockfileVersion": 1,
  "requires": true,
  "dependencies": {
    "react-modular-audio-player": {
      "version": "1.1.4",
      "resolved": "https://registry.npmjs.org/react-modular-audio-player/-/react-modular-audio-player-1.1.4.tgz",
      "integrity": "sha512-w3k1D1mlzsqu8HJGbJWvmEqqzFEKR12oiERWbk01gXjlmp1FE6JDW6SJvrAzyirvemgIRJ3Yi253RySPRQlE3A=="
    }
  }
}
